
Microsoft Visual Studio Solution File, Format Version 12.00
# Visual Studio Version 16
VisualStudioVersion = 16.0.29009.5
MinimumVisualStudioVersion = 10.0.40219.1
Project("{FAE04EC0-301F-11D3-BF4B-00C04F79EFBC}") = "PARTSExtensions", "GenerateReport\PARTSExtensions.csproj", "{83DCC7E7-ADD8-4A4E-9A89-081F3700DFD6}"
EndProject
Project("{9A19103F-16F7-4668-BE54-9A1E7A4F7556}") = "GenerateReportTester", "GenerateReportTester\GenerateReportTester.csproj", "{2795A986-5222-46AF-8B0B-3C65B82395F2}"
	ProjectSection(ProjectDependencies) = postProject
		{83DCC7E7-ADD8-4A4E-9A89-081F3700DFD6} = {83DCC7E7-ADD8-4A4E-9A89-081F3700DFD6}
	EndProjectSection
EndProject
Project("{FAE04EC0-301F-11D3-BF4B-00C04F79EFBC}") = "GenerateReportTester(Framework)", "GenerateReportTester(Framework)\GenerateReportTester(Framework).csproj", "{31DC3B4F-5893-4FD2-A939-8C30ED88B1E9}"
	ProjectSection(ProjectDependencies) = postProject
		{83DCC7E7-ADD8-4A4E-9A89-081F3700DFD6} = {83DCC7E7-ADD8-4A4E-9A89-081F3700DFD6}
	EndProjectSection
EndProject
Global
	GlobalSection(SolutionConfigurationPlatforms) = preSolution
		Debug|Any CPU = Debug|Any CPU
		Release|Any CPU = Release|Any CPU
	EndGlobalSection
	GlobalSection(ProjectConfigurationPlatforms) = postSolution
		{83DCC7E7-ADD8-4A4E-9A89-081F3700DFD6}.Debug|Any CPU.ActiveCfg = Debug|Any CPU
		{83DCC7E7-ADD8-4A4E-9A89-081F3700DFD6}.Debug|Any CPU.Build.0 = Debug|Any CPU
		{83DCC7E7-ADD8-4A4E-9A89-081F3700DFD6}.Release|Any CPU.ActiveCfg = Release|Any CPU
		{83DCC7E7-ADD8-4A4E-9A89-081F3700DFD6}.Release|Any CPU.Build.0 = Release|Any CPU
		{2795A986-5222-46AF-8B0B-3C65B82395F2}.Debug|Any CPU.ActiveCfg = Debug|Any CPU
		{2795A986-5222-46AF-8B0B-3C65B82395F2}.Debug|Any CPU.Build.0 = Debug|Any CPU
		{2795A986-5222-46AF-8B0B-3C65B82395F2}.Release|Any CPU.ActiveCfg = Release|Any CPU
		{2795A986-5222-46AF-8B0B-3C65B82395F2}.Release|Any CPU.Build.0 = Release|Any CPU
		{31DC3B4F-5893-4FD2-A939-8C30ED88B1E9}.Debug|Any CPU.ActiveCfg = Debug|Any CPU
		{31DC3B4F-5893-4FD2-A939-8C30ED88B1E9}.Debug|Any CPU.Build.0 = Debug|Any CPU
		{31DC3B4F-5893-4FD2-A939-8C30ED88B1E9}.Release|Any CPU.ActiveCfg = Release|Any CPU
		{31DC3B4F-5893-4FD2-A939-8C30ED88B1E9}.Release|Any CPU.Build.0 = Release|Any CPU
	EndGlobalSection
	GlobalSection(SolutionProperties) = preSolution
		HideSolutionNode = FALSE
	EndGlobalSection
	GlobalSection(ExtensibilityGlobals) = postSolution
		SolutionGuid = {89B80300-F629-487F-9C9C-9511FF15FD38}
	EndGlobalSection
EndGlobal
